
Microsoft Visual Studio Solution File, Format Version 12.00
# Visual Studio Version 17
VisualStudioVersion = 17.5.002.0
MinimumVisualStudioVersion = 10.0.40219.1
Project("{9A19103F-16F7-4668-BE54-9A1E7A4F7556}") = "pow", "pow.csproj", "{F75A6E5A-68C9-42D2-84C5-5D5EB3B926A0}"
EndProject
Global
	GlobalSection(SolutionConfigurationPlatforms) = preSolution
		Debug|Any CPU = Debug|Any CPU
		Release|Any CPU = Release|Any CPU
	EndGlobalSection
	GlobalSection(ProjectConfigurationPlatforms) = postSolution
		{F75A6E5A-68C9-42D2-84C5-5D5EB3B926A0}.Debug|Any CPU.ActiveCfg = Debug|Any CPU
		{F75A6E5A-68C9-42D2-84C5-5D5EB3B926A0}.Debug|Any CPU.Build.0 = Debug|Any CPU
		{F75A6E5A-68C9-42D2-84C5-5D5EB3B926A0}.Release|Any CPU.ActiveCfg = Release|Any CPU
		{F75A6E5A-68C9-42D2-84C5-5D5EB3B926A0}.Release|Any CPU.Build.0 = Release|Any CPU
	EndGlobalSection
	GlobalSection(SolutionProperties) = preSolution
		HideSolutionNode = FALSE
	EndGlobalSection
	GlobalSection(ExtensibilityGlobals) = postSolution
		SolutionGuid = {30FFE581-9E1E-42D6-AF62-7F08FC52DA71}
	EndGlobalSection
EndGlobal
